// !$*UTF8*$!
{
	archiveVersion = 1;
	classes = {
	};
	objectVersion = 46;
	objects = {

/* Begin PBXBuildFile section */
		A5B000C41E526C6100202A86 /* AppDelegate.swift in Sources */ = {isa = PBXBuildFile; fileRef = A5B000C31E526C6100202A86 /* AppDelegate.swift */; };
		A5B000C61E526C6100202A86 /* ViewController.swift in Sources */ = {isa = PBXBuildFile; fileRef = A5B000C51E526C6100202A86 /* ViewController.swift */; };
		A5B000C91E526C6100202A86 /* Main.storyboard in Resources */ = {isa = PBXBuildFile; fileRef = A5B000C71E526C6100202A86 /* Main.storyboard */; };
		A5B000CB1E526C6100202A86 /* Assets.xcassets in Resources */ = {isa = PBXBuildFile; fileRef = A5B000CA1E526C6100202A86 /* Assets.xcassets */; };
		A5B000CE1E526C6100202A86 /* LaunchScreen.storyboard in Resources */ = {isa = PBXBuildFile; fileRef = A5B000CC1E526C6100202A86 /* LaunchScreen.storyboard */; };
/* End PBXBuildFile section */

/* Begin PBXFileReference section */
		A5B000C01E526C6100202A86 /* BeaconSample.app */ = {isa = PBXFileReference; explicitFileType = wrapper.application; includeInIndex = 0; path = BeaconSample.app; sourceTree = BUILT_PRODUCTS_DIR; };
		A5B000C31E526C6100202A86 /* AppDelegate.swift */ = {isa = PBXFileReference; lastKnownFileType = sourcecode.swift; path = AppDelegate.swift; sourceTree = "<group>"; };
		A5B000C51E526C6100202A86 /* ViewController.swift */ = {isa = PBXFileReference; lastKnownFileType = sourcecode.swift; path = ViewController.swift; sourceTree = "<group>"; };
		A5B000C81E526C6100202A86 /* Base */ = {isa = PBXFileReference; lastKnownFileType = file.storyboard; name = Base; path = Base.lproj/Main.storyboard; sourceTree = "<group>"; };
		A5B000CA1E526C6100202A86 /* Assets.xcassets */ = {isa = PBXFileReference; lastKnownFileType = folder.assetcatalog; path = Assets.xcassets; sourceTree = "<group>"; };
		A5B000CD1E526C6100202A86 /* Base */ = {isa = PBXFileReference; lastKnownFileType = file.storyboard; name = Base; path = Base.lproj/LaunchScreen.storyboard; sourceTree = "<group>"; };
		A5B000CF1E526C6100202A86 /* Info.plist */ = {isa = PBXFileReference; lastKnownFileType = text.plist.xml; path = Info.plist; sourceTree = "<group>"; };
/* End PBXFileReference section */

/* Begin PBXFrameworksBuildPhase section */
		A5B000BD1E526C6100202A86 /* Frameworks */ = {
			isa = PBXFrameworksBuildPhase;
			buildActionMask = 2147483647;
			files = (
			);
			runOnlyForDeploymentPostprocessing = 0;
		};
/* End PBXFrameworksBuildPhase section */

/* Begin PBXGroup section */
		A5B000B71E526C6100202A86 = {
			isa = PBXGroup;
			children = (
				A5B000C21E526C6100202A86 /* BeaconSample */,
				A5B000C11E526C6100202A86 /* Products */,
			);
			sourceTree = "<group>";
		};
		A5B000C11E526C6100202A86 /* Products */ = {
			isa = PBXGroup;
			children = (
				A5B000C01E526C6100202A86 /* BeaconSample.app */,
			);
			name = Products;
			sourceTree = "<group>";
		};
		A5B000C21E526C6100202A86 /* BeaconSample */ = {
			isa = PBXGroup;
			children = (
				A5B000C31E526C6100202A86 /* AppDelegate.swift */,
				A5B000C51E526C6100202A86 /* ViewController.swift */,
				A5B000C71E526C6100202A86 /* Main.storyboard */,
				A5B000CA1E526C6100202A86 /* Assets.xcassets */,
				A5B000CC1E526C6100202A86 /* LaunchScreen.storyboard */,
				A5B000CF1E526C6100202A86 /* Info.plist */,
			);
			path = BeaconSample;
			sourceTree = "<group>";
		};
/* End PBXGroup section */

/* Begin PBXNativeTarget section */
		A5B000BF1E526C6100202A86 /* BeaconSample */ = {
			isa = PBXNativeTarget;
			buildConfigurationList = A5B000D21E526C6100202A86 /* Build configuration list for PBXNativeTarget "BeaconSample" */;
			buildPhases = (
				A5B000BC1E526C6100202A86 /* Sources */,
				A5B000BD1E526C6100202A86 /* Frameworks */,
				A5B000BE1E526C6100202A86 /* Resources */,
			);
			buildRules = (
			);
			dependencies = (
			);
			name = BeaconSample;
			productName = BeaconSample;
			productReference = A5B000C01E526C6100202A86 /* BeaconSample.app */;
			productType = "com.apple.product-type.application";
		};
/* End PBXNativeTarget section */

/* Begin PBXProject section */
		A5B000B81E526C6100202A86 /* Project object */ = {
			isa = PBXProject;
			attributes = {
				LastSwiftUpdateCheck = 0820;
				LastUpgradeCheck = 0820;
				ORGANIZATIONNAME = "Alliston Aleixo";
				TargetAttributes = {
					A5B000BF1E526C6100202A86 = {
						CreatedOnToolsVersion = 8.2.1;
						DevelopmentTeam = DLA5J5JEZ2;
						ProvisioningStyle = Automatic;
					};
				};
			};
			buildConfigurationList = A5B000BB1E526C6100202A86 /* Build configuration list for PBXProject "BeaconSample" */;
			compatibilityVersion = "Xcode 3.2";
			developmentRegion = English;
			hasScannedForEncodings = 0;
			knownRegions = (
				en,
				Base,
			);
			mainGroup = A5B000B71E526C6100202A86;
			productRefGroup = A5B000C11E526C6100202A86 /* Products */;
			projectDirPath = "";
			projectRoot = "";
			targets = (
				A5B000BF1E526C6100202A86 /* BeaconSample */,
			);
		};
/* End PBXProject section */

/* Begin PBXResourcesBuildPhase section */
		A5B000BE1E526C6100202A86 /* Resources */ = {
			isa = PBXResourcesBuildPhase;
			buildActionMask = 2147483647;
			files = (
				A5B000CE1E526C6100202A86 /* LaunchScreen.storyboard in Resources */,
				A5B000CB1E526C6100202A86 /* Assets.xcassets in Resources */,
				A5B000C91E526C6100202A86 /* Main.storyboard in Resources */,
			);
			runOnlyForDeploymentPostprocessing = 0;
		};
/* End PBXResourcesBuildPhase section */

/* Begin PBXSourcesBuildPhase section */
		A5B000BC1E526C6100202A86 /* Sources */ = {
			isa = PBXSourcesBuildPhase;
			buildActionMask = 2147483647;
			files = (
				A5B000C61E526C6100202A86 /* ViewController.swift in Sources */,
				A5B000C41E526C6100202A86 /* AppDelegate.swift in Sources */,
			);
			runOnlyForDeploymentPostprocessing = 0;
		};
/* End PBXSourcesBuildPhase section */

/* Begin PBXVariantGroup section */
		A5B000C71E526C6100202A86 /* Main.storyboard */ = {
			isa = PBXVariantGroup;
			children = (
				A5B000C81E526C6100202A86 /* Base */,
			);
			name = Main.storyboard;
			sourceTree = "<group>";
		};
		A5B000CC1E526C6100202A86 /* LaunchScreen.storyboard */ = {
			isa = PBXVariantGroup;
			children = (
				A5B000CD1E526C6100202A86 /* Base */,
			);
			name = LaunchScreen.storyboard;
			sourceTree = "<group>";
		};
/* End PBXVariantGroup section */

/* Begin XCBuildConfiguration section */
		A5B000D01E526C6100202A86 /* Debug */ = {
			isa = XCBuildConfiguration;
			buildSettings = {
				ALWAYS_SEARCH_USER_PATHS = NO;
				CLANG_ANALYZER_NONNULL = YES;
				CLANG_CXX_LANGUAGE_STANDARD = "gnu++0x";
				CLANG_CXX_LIBRARY = "libc++";
				CLANG_ENABLE_MODULES = YES;
				CLANG_ENABLE_OBJC_ARC = YES;
				CLANG_WARN_BOOL_CONVERSION = YES;
				CLANG_WARN_CONSTANT_CONVERSION = YES;
				CLANG_WARN_DIRECT_OBJC_ISA_USAGE = YES_ERROR;
				CLANG_WARN_DOCUMENTATION_COMMENTS = YES;
				CLANG_WARN_EMPTY_BODY = YES;
				CLANG_WARN_ENUM_CONVERSION = YES;
				CLANG_WARN_INFINITE_RECURSION = YES;
				CLANG_WARN_INT_CONVERSION = YES;
				CLANG_WARN_OBJC_ROOT_CLASS = YES_ERROR;
				CLANG_WARN_SUSPICIOUS_MOVE = YES;
				CLANG_WARN_UNREACHABLE_CODE = YES;
				CLANG_WARN__DUPLICATE_METHOD_MATCH = YES;
				"CODE_SIGN_IDENTITY[sdk=iphoneos*]" = "iPhone Developer";
				COPY_PHASE_STRIP = NO;
				DEBUG_INFORMATION_FORMAT = dwarf;
				ENABLE_STRICT_OBJC_MSGSEND = YES;
				ENABLE_TESTABILITY = YES;
				GCC_C_LANGUAGE_STANDARD = gnu99;
				GCC_DYNAMIC_NO_PIC = NO;
				GCC_NO_COMMON_BLOCKS = YES;
				GCC_OPTIMIZATION_LEVEL = 0;
				GCC_PREPROCESSOR_DEFINITIONS = (
					"DEBUG=1",
					"$(inherited)",
				);
				GCC_WARN_64_TO_32_BIT_CONVERSION = YES;
				GCC_WARN_ABOUT_RETURN_TYPE = YES_ERROR;
				GCC_WARN_UNDECLARED_SELECTOR = YES;
				GCC_WARN_UNINITIALIZED_AUTOS = YES_AGGRESSIVE;
				GCC_WARN_UNUSED_FUNCTION = YES;
				GCC_WARN_UNUSED_VARIABLE = YES;
				IPHONEOS_DEPLOYMENT_TARGET = 10.2;
				MTL_ENABLE_DEBUG_INFO = YES;
				ONLY_ACTIVE_ARCH = YES;
				SDKROOT = iphoneos;
				SWIFT_ACTIVE_COMPILATION_CONDITIONS = DEBUG;
				SWIFT_OPTIMIZATION_LEVEL = "-Onone";
				TARGETED_DEVICE_FAMILY = "1,2";
			};
			name = Debug;
		};
		A5B000D11E526C6100202A86 /* Release */ = {
			isa = XCBuildConfiguration;
			buildSettings = {
				ALWAYS_SEARCH_USER_PATHS = NO;
				CLANG_ANALYZER_NONNULL = YES;
				CLANG_CXX_LANGUAGE_STANDARD = "gnu++0x";
				CLANG_CXX_LIBRARY = "libc++";
				CLANG_ENABLE_MODULES = YES;
				CLANG_ENABLE_OBJC_ARC = YES;
				CLANG_WARN_BOOL_CONVERSION = YES;
				CLANG_WARN_CONSTANT_CONVERSION = YES;
				CLANG_WARN_DIRECT_OBJC_ISA_USAGE = YES_ERROR;
				CLANG_WARN_DOCUMENTATION_COMMENTS = YES;
				CLANG_WARN_EMPTY_BODY = YES;
				CLANG_WARN_ENUM_CONVERSION = YES;
				CLANG_WARN_INFINITE_RECURSION = YES;
				CLANG_WARN_INT_CONVERSION = YES;
				CLANG_WARN_OBJC_ROOT_CLASS = YES_ERROR;
				CLANG_WARN_SUSPICIOUS_MOVE = YES;
				CLANG_WARN_UNREACHABLE_CODE = YES;
				CLANG_WARN__DUPLICATE_METHOD_MATCH = YES;
				"CODE_SIGN_IDENTITY[sdk=iphoneos*]" = "iPhone Developer";
				COPY_PHASE_STRIP = NO;
				DEBUG_INFORMATION_FORMAT = "dwarf-with-dsym";
				ENABLE_NS_ASSERTIONS = NO;
				ENABLE_STRICT_OBJC_MSGSEND = YES;
				GCC_C_LANGUAGE_STANDARD = gnu99;
				GCC_NO_COMMON_BLOCKS = YES;
				GCC_WARN_64_TO_32_BIT_CONVERSION = YES;
				GCC_WARN_ABOUT_RETURN_TYPE = YES_ERROR;
				GCC_WARN_UNDECLARED_SELECTOR = YES;
				GCC_WARN_UNINITIALIZED_AUTOS = YES_AGGRESSIVE;
				GCC_WARN_UNUSED_FUNCTION = YES;
				GCC_WARN_UNUSED_VARIABLE = YES;
				IPHONEOS_DEPLOYMENT_TARGET = 10.2;
				MTL_ENABLE_DEBUG_INFO = NO;
				SDKROOT = iphoneos;
				SWIFT_OPTIMIZATION_LEVEL = "-Owholemodule";
				TARGETED_DEVICE_FAMILY = "1,2";
				VALIDATE_PRODUCT = YES;
			};
			name = Release;
		};
		A5B000D31E526C6100202A86 /* Debug */ = {
			isa = XCBuildConfiguration;
			buildSettings = {
				ASSETCATALOG_COMPILER_APPICON_NAME = AppIcon;
				DEVELOPMENT_TEAM = DLA5J5JEZ2;
				INFOPLIST_FILE = BeaconSample/Info.plist;
				LD_RUNPATH_SEARCH_PATHS = "$(inherited) @executable_path/Frameworks";
				PRODUCT_BUNDLE_IDENTIFIER = alliston.BeaconSample;
				PRODUCT_NAME = "$(TARGET_NAME)";
				SWIFT_VERSION = 3.0;
			};
			name = Debug;
		};
		A5B000D41E526C6100202A86 /* Release */ = {
			isa = XCBuildConfiguration;
			buildSettings = {
				ASSETCATALOG_COMPILER_APPICON_NAME = AppIcon;
				DEVELOPMENT_TEAM = DLA5J5JEZ2;
				INFOPLIST_FILE = BeaconSample/Info.plist;
				LD_RUNPATH_SEARCH_PATHS = "$(inherited) @executable_path/Frameworks";
				PRODUCT_BUNDLE_IDENTIFIER = alliston.BeaconSample;
				PRODUCT_NAME = "$(TARGET_NAME)";
				SWIFT_VERSION = 3.0;
			};
			name = Release;
		};
/* End XCBuildConfiguration section */

/* Begin XCConfigurationList section */
		A5B000BB1E526C6100202A86 /* Build configuration list for PBXProject "BeaconSample" */ = {
			isa = XCConfigurationList;
			buildConfigurations = (
				A5B000D01E526C6100202A86 /* Debug */,
				A5B000D11E526C6100202A86 /* Release */,
			);
			defaultConfigurationIsVisible = 0;
			defaultConfigurationName = Release;
		};
		A5B000D21E526C6100202A86 /* Build configuration list for PBXNativeTarget "BeaconSample" */ = {
			isa = XCConfigurationList;
			buildConfigurations = (
				A5B000D31E526C6100202A86 /* Debug */,
				A5B000D41E526C6100202A86 /* Release */,
			);
			defaultConfigurationIsVisible = 0;
		};
/* End XCConfigurationList section */
	};
	rootObject = A5B000B81E526C6100202A86 /* Project object */;
}
